
Microsoft Visual Studio Solution File, Format Version 12.00
# Visual Studio Version 17
VisualStudioVersion = 17.10.34607.79
MinimumVisualStudioVersion = 10.0.40219.1
Project("{9A19103F-16F7-4668-BE54-9A1E7A4F7556}") = "web-app", "web-app\web-app.csproj", "{4EFCF9E8-1CF5-4EEE-A912-1A9E46885C03}"
EndProject
Project("{9A19103F-16F7-4668-BE54-9A1E7A4F7556}") = "WebApplicationRazor_Temp", "WebApplicationRazor_Temp\WebApplicationRazor_Temp.csproj", "{1C55B759-84DF-4B88-A212-37796925D4EF}"
EndProject
Project("{FAE04EC0-301F-11D3-BF4B-00C04F79EFBC}") = "web-app.DataAccess", "web-app.DataAccess\web-app.DataAccess.csproj", "{B29F16A5-4C51-458F-8799-46B4E11AB03C}"
EndProject
Project("{FAE04EC0-301F-11D3-BF4B-00C04F79EFBC}") = "web-app.Models", "web-app.Models\web-app.Models.csproj", "{AE1CB4D6-6DCE-4030-9513-EDC6DB4B0CFE}"
EndProject
Project("{FAE04EC0-301F-11D3-BF4B-00C04F79EFBC}") = "web-app.Utility", "web-app.Utility\web-app.Utility.csproj", "{9435A626-2FBD-4381-9A6E-4EA1DA1E3696}"
EndProject
Global
	GlobalSection(SolutionConfigurationPlatforms) = preSolution
		Debug|Any CPU = Debug|Any CPU
		Release|Any CPU = Release|Any CPU
	EndGlobalSection
	GlobalSection(ProjectConfigurationPlatforms) = postSolution
		{4EFCF9E8-1CF5-4EEE-A912-1A9E46885C03}.Debug|Any CPU.ActiveCfg = Debug|Any CPU
		{4EFCF9E8-1CF5-4EEE-A912-1A9E46885C03}.Debug|Any CPU.Build.0 = Debug|Any CPU
		{4EFCF9E8-1CF5-4EEE-A912-1A9E46885C03}.Release|Any CPU.ActiveCfg = Release|Any CPU
		{4EFCF9E8-1CF5-4EEE-A912-1A9E46885C03}.Release|Any CPU.Build.0 = Release|Any CPU
		{1C55B759-84DF-4B88-A212-37796925D4EF}.Debug|Any CPU.ActiveCfg = Debug|Any CPU
		{1C55B759-84DF-4B88-A212-37796925D4EF}.Debug|Any CPU.Build.0 = Debug|Any CPU
		{1C55B759-84DF-4B88-A212-37796925D4EF}.Release|Any CPU.ActiveCfg = Release|Any CPU
		{1C55B759-84DF-4B88-A212-37796925D4EF}.Release|Any CPU.Build.0 = Release|Any CPU
		{B29F16A5-4C51-458F-8799-46B4E11AB03C}.Debug|Any CPU.ActiveCfg = Debug|Any CPU
		{B29F16A5-4C51-458F-8799-46B4E11AB03C}.Debug|Any CPU.Build.0 = Debug|Any CPU
		{B29F16A5-4C51-458F-8799-46B4E11AB03C}.Release|Any CPU.ActiveCfg = Release|Any CPU
		{B29F16A5-4C51-458F-8799-46B4E11AB03C}.Release|Any CPU.Build.0 = Release|Any CPU
		{AE1CB4D6-6DCE-4030-9513-EDC6DB4B0CFE}.Debug|Any CPU.ActiveCfg = Debug|Any CPU
		{AE1CB4D6-6DCE-4030-9513-EDC6DB4B0CFE}.Debug|Any CPU.Build.0 = Debug|Any CPU
		{AE1CB4D6-6DCE-4030-9513-EDC6DB4B0CFE}.Release|Any CPU.ActiveCfg = Release|Any CPU
		{AE1CB4D6-6DCE-4030-9513-EDC6DB4B0CFE}.Release|Any CPU.Build.0 = Release|Any CPU
		{9435A626-2FBD-4381-9A6E-4EA1DA1E3696}.Debug|Any CPU.ActiveCfg = Debug|Any CPU
		{9435A626-2FBD-4381-9A6E-4EA1DA1E3696}.Debug|Any CPU.Build.0 = Debug|Any CPU
		{9435A626-2FBD-4381-9A6E-4EA1DA1E3696}.Release|Any CPU.ActiveCfg = Release|Any CPU
		{9435A626-2FBD-4381-9A6E-4EA1DA1E3696}.Release|Any CPU.Build.0 = Release|Any CPU
	EndGlobalSection
	GlobalSection(SolutionProperties) = preSolution
		HideSolutionNode = FALSE
	EndGlobalSection
	GlobalSection(ExtensibilityGlobals) = postSolution
		SolutionGuid = {A62F50D3-BFAF-4C71-9C6C-D16A5BD903EF}
	EndGlobalSection
EndGlobal
